
Microsoft Visual Studio Solution File, Format Version 12.00
# Visual Studio Version 17
VisualStudioVersion = 17.7.34031.279
MinimumVisualStudioVersion = 10.0.40219.1
Project("{FAE04EC0-301F-11D3-BF4B-00C04F79EFBC}") = "SoftUni", "SoftUni\SoftUni.csproj", "{B1E06E07-1D68-47A5-A639-C4F37BFABBE0}"
EndProject
Global
	GlobalSection(SolutionConfigurationPlatforms) = preSolution
		Debug|Any CPU = Debug|Any CPU
		Release|Any CPU = Release|Any CPU
	EndGlobalSection
	GlobalSection(ProjectConfigurationPlatforms) = postSolution
		{B1E06E07-1D68-47A5-A639-C4F37BFABBE0}.Debug|Any CPU.ActiveCfg = Debug|Any CPU
		{B1E06E07-1D68-47A5-A639-C4F37BFABBE0}.Debug|Any CPU.Build.0 = Debug|Any CPU
		{B1E06E07-1D68-47A5-A639-C4F37BFABBE0}.Release|Any CPU.ActiveCfg = Release|Any CPU
		{B1E06E07-1D68-47A5-A639-C4F37BFABBE0}.Release|Any CPU.Build.0 = Release|Any CPU
	EndGlobalSection
	GlobalSection(SolutionProperties) = preSolution
		HideSolutionNode = FALSE
	EndGlobalSection
	GlobalSection(ExtensibilityGlobals) = postSolution
		SolutionGuid = {1F9073F6-D2CA-46E1-AB17-10B965AAAC31}
	EndGlobalSection
EndGlobal
